
Microsoft Visual Studio Solution File, Format Version 12.00
# Visual Studio 15
VisualStudioVersion = 15.0.28010.2016
MinimumVisualStudioVersion = 10.0.40219.1
Project("{FAE04EC0-301F-11D3-BF4B-00C04F79EFBC}") = "ExamPreparation02", "ExamPreparation02\ExamPreparation02.csproj", "{C3DA831C-E01D-4799-B084-FFF55978FF5B}"
EndProject
Global
	GlobalSection(SolutionConfigurationPlatforms) = preSolution
		Debug|Any CPU = Debug|Any CPU
		Release|Any CPU = Release|Any CPU
	EndGlobalSection
	GlobalSection(ProjectConfigurationPlatforms) = postSolution
		{C3DA831C-E01D-4799-B084-FFF55978FF5B}.Debug|Any CPU.ActiveCfg = Debug|Any CPU
		{C3DA831C-E01D-4799-B084-FFF55978FF5B}.Debug|Any CPU.Build.0 = Debug|Any CPU
		{C3DA831C-E01D-4799-B084-FFF55978FF5B}.Release|Any CPU.ActiveCfg = Release|Any CPU
		{C3DA831C-E01D-4799-B084-FFF55978FF5B}.Release|Any CPU.Build.0 = Release|Any CPU
	EndGlobalSection
	GlobalSection(SolutionProperties) = preSolution
		HideSolutionNode = FALSE
	EndGlobalSection
	GlobalSection(ExtensibilityGlobals) = postSolution
		SolutionGuid = {D60C1F04-EEFA-4B89-A02B-AB84C6FF7363}
	EndGlobalSection
EndGlobal
